
Microsoft Visual Studio Solution File, Format Version 12.00
# Visual Studio 15
VisualStudioVersion = 15.0.28010.2048
MinimumVisualStudioVersion = 10.0.40219.1
Project("{8BC9CEB8-8B4A-11D0-8D11-00A0C91BC942}") = "有序数组查找数字", "有序数组查找数字\有序数组查找数字.vcxproj", "{44C4596C-93A5-4A3C-B64D-100AD6CE7276}"
EndProject
Global
	GlobalSection(SolutionConfigurationPlatforms) = preSolution
		Debug|x64 = Debug|x64
		Debug|x86 = Debug|x86
		Release|x64 = Release|x64
		Release|x86 = Release|x86
	EndGlobalSection
	GlobalSection(ProjectConfigurationPlatforms) = postSolution
		{44C4596C-93A5-4A3C-B64D-100AD6CE7276}.Debug|x64.ActiveCfg = Debug|x64
		{44C4596C-93A5-4A3C-B64D-100AD6CE7276}.Debug|x64.Build.0 = Debug|x64
		{44C4596C-93A5-4A3C-B64D-100AD6CE7276}.Debug|x86.ActiveCfg = Debug|Win32
		{44C4596C-93A5-4A3C-B64D-100AD6CE7276}.Debug|x86.Build.0 = Debug|Win32
		{44C4596C-93A5-4A3C-B64D-100AD6CE7276}.Release|x64.ActiveCfg = Release|x64
		{44C4596C-93A5-4A3C-B64D-100AD6CE7276}.Release|x64.Build.0 = Release|x64
		{44C4596C-93A5-4A3C-B64D-100AD6CE7276}.Release|x86.ActiveCfg = Release|Win32
		{44C4596C-93A5-4A3C-B64D-100AD6CE7276}.Release|x86.Build.0 = Release|Win32
	EndGlobalSection
	GlobalSection(SolutionProperties) = preSolution
		HideSolutionNode = FALSE
	EndGlobalSection
	GlobalSection(ExtensibilityGlobals) = postSolution
		SolutionGuid = {E0DB685C-520D-45DB-8B52-619D35812B7C}
	EndGlobalSection
EndGlobal
