
Microsoft Visual Studio Solution File, Format Version 12.00
# Visual Studio 15
VisualStudioVersion = 15.0.28010.2048
MinimumVisualStudioVersion = 10.0.40219.1
Project("{8BC9CEB8-8B4A-11D0-8D11-00A0C91BC942}") = "非递归实现斐波那契数列", "非递归实现斐波那契数列\非递归实现斐波那契数列.vcxproj", "{DB446035-B125-4B4F-9A7C-0B97EB773EF3}"
EndProject
Global
	GlobalSection(SolutionConfigurationPlatforms) = preSolution
		Debug|x64 = Debug|x64
		Debug|x86 = Debug|x86
		Release|x64 = Release|x64
		Release|x86 = Release|x86
	EndGlobalSection
	GlobalSection(ProjectConfigurationPlatforms) = postSolution
		{DB446035-B125-4B4F-9A7C-0B97EB773EF3}.Debug|x64.ActiveCfg = Debug|x64
		{DB446035-B125-4B4F-9A7C-0B97EB773EF3}.Debug|x64.Build.0 = Debug|x64
		{DB446035-B125-4B4F-9A7C-0B97EB773EF3}.Debug|x86.ActiveCfg = Debug|Win32
		{DB446035-B125-4B4F-9A7C-0B97EB773EF3}.Debug|x86.Build.0 = Debug|Win32
		{DB446035-B125-4B4F-9A7C-0B97EB773EF3}.Release|x64.ActiveCfg = Release|x64
		{DB446035-B125-4B4F-9A7C-0B97EB773EF3}.Release|x64.Build.0 = Release|x64
		{DB446035-B125-4B4F-9A7C-0B97EB773EF3}.Release|x86.ActiveCfg = Release|Win32
		{DB446035-B125-4B4F-9A7C-0B97EB773EF3}.Release|x86.Build.0 = Release|Win32
	EndGlobalSection
	GlobalSection(SolutionProperties) = preSolution
		HideSolutionNode = FALSE
	EndGlobalSection
	GlobalSection(ExtensibilityGlobals) = postSolution
		SolutionGuid = {93A2BEC6-5F08-47DE-8D39-72D5F405B63E}
	EndGlobalSection
EndGlobal
