
Microsoft Visual Studio Solution File, Format Version 12.00
# Visual Studio 15
VisualStudioVersion = 15.0.28010.2048
MinimumVisualStudioVersion = 10.0.40219.1
Project("{8BC9CEB8-8B4A-11D0-8D11-00A0C91BC942}") = "分数", "分数\分数.vcxproj", "{A3FAF44F-6B3D-43CC-B0E2-3AC18ED8A525}"
EndProject
Global
	GlobalSection(SolutionConfigurationPlatforms) = preSolution
		Debug|x64 = Debug|x64
		Debug|x86 = Debug|x86
		Release|x64 = Release|x64
		Release|x86 = Release|x86
	EndGlobalSection
	GlobalSection(ProjectConfigurationPlatforms) = postSolution
		{A3FAF44F-6B3D-43CC-B0E2-3AC18ED8A525}.Debug|x64.ActiveCfg = Debug|x64
		{A3FAF44F-6B3D-43CC-B0E2-3AC18ED8A525}.Debug|x64.Build.0 = Debug|x64
		{A3FAF44F-6B3D-43CC-B0E2-3AC18ED8A525}.Debug|x86.ActiveCfg = Debug|Win32
		{A3FAF44F-6B3D-43CC-B0E2-3AC18ED8A525}.Debug|x86.Build.0 = Debug|Win32
		{A3FAF44F-6B3D-43CC-B0E2-3AC18ED8A525}.Release|x64.ActiveCfg = Release|x64
		{A3FAF44F-6B3D-43CC-B0E2-3AC18ED8A525}.Release|x64.Build.0 = Release|x64
		{A3FAF44F-6B3D-43CC-B0E2-3AC18ED8A525}.Release|x86.ActiveCfg = Release|Win32
		{A3FAF44F-6B3D-43CC-B0E2-3AC18ED8A525}.Release|x86.Build.0 = Release|Win32
	EndGlobalSection
	GlobalSection(SolutionProperties) = preSolution
		HideSolutionNode = FALSE
	EndGlobalSection
	GlobalSection(ExtensibilityGlobals) = postSolution
		SolutionGuid = {78B985AA-6AE5-4C5B-865C-1DAF00F90380}
	EndGlobalSection
EndGlobal
