
Microsoft Visual Studio Solution File, Format Version 12.00
# Visual Studio 15
VisualStudioVersion = 15.0.28010.2048
MinimumVisualStudioVersion = 10.0.40219.1
Project("{8BC9CEB8-8B4A-11D0-8D11-00A0C91BC942}") = "函数判断素数", "函数判断素数\函数判断素数.vcxproj", "{188CB7A6-4713-4FB7-B7BC-30C2279D327A}"
EndProject
Global
	GlobalSection(SolutionConfigurationPlatforms) = preSolution
		Debug|x64 = Debug|x64
		Debug|x86 = Debug|x86
		Release|x64 = Release|x64
		Release|x86 = Release|x86
	EndGlobalSection
	GlobalSection(ProjectConfigurationPlatforms) = postSolution
		{188CB7A6-4713-4FB7-B7BC-30C2279D327A}.Debug|x64.ActiveCfg = Debug|x64
		{188CB7A6-4713-4FB7-B7BC-30C2279D327A}.Debug|x64.Build.0 = Debug|x64
		{188CB7A6-4713-4FB7-B7BC-30C2279D327A}.Debug|x86.ActiveCfg = Debug|Win32
		{188CB7A6-4713-4FB7-B7BC-30C2279D327A}.Debug|x86.Build.0 = Debug|Win32
		{188CB7A6-4713-4FB7-B7BC-30C2279D327A}.Release|x64.ActiveCfg = Release|x64
		{188CB7A6-4713-4FB7-B7BC-30C2279D327A}.Release|x64.Build.0 = Release|x64
		{188CB7A6-4713-4FB7-B7BC-30C2279D327A}.Release|x86.ActiveCfg = Release|Win32
		{188CB7A6-4713-4FB7-B7BC-30C2279D327A}.Release|x86.Build.0 = Release|Win32
	EndGlobalSection
	GlobalSection(SolutionProperties) = preSolution
		HideSolutionNode = FALSE
	EndGlobalSection
	GlobalSection(ExtensibilityGlobals) = postSolution
		SolutionGuid = {EC03F046-EBEA-4E87-A917-B11E3F7CBDA8}
	EndGlobalSection
EndGlobal
