
Microsoft Visual Studio Solution File, Format Version 12.00
# Visual Studio 15
VisualStudioVersion = 15.0.28010.2048
MinimumVisualStudioVersion = 10.0.40219.1
Project("{8BC9CEB8-8B4A-11D0-8D11-00A0C91BC942}") = "三子棋", "三子棋\三子棋.vcxproj", "{A73C7C6F-5D74-4918-AC3F-211D82B3DCEB}"
EndProject
Global
	GlobalSection(SolutionConfigurationPlatforms) = preSolution
		Debug|x64 = Debug|x64
		Debug|x86 = Debug|x86
		Release|x64 = Release|x64
		Release|x86 = Release|x86
	EndGlobalSection
	GlobalSection(ProjectConfigurationPlatforms) = postSolution
		{A73C7C6F-5D74-4918-AC3F-211D82B3DCEB}.Debug|x64.ActiveCfg = Debug|x64
		{A73C7C6F-5D74-4918-AC3F-211D82B3DCEB}.Debug|x64.Build.0 = Debug|x64
		{A73C7C6F-5D74-4918-AC3F-211D82B3DCEB}.Debug|x86.ActiveCfg = Debug|Win32
		{A73C7C6F-5D74-4918-AC3F-211D82B3DCEB}.Debug|x86.Build.0 = Debug|Win32
		{A73C7C6F-5D74-4918-AC3F-211D82B3DCEB}.Release|x64.ActiveCfg = Release|x64
		{A73C7C6F-5D74-4918-AC3F-211D82B3DCEB}.Release|x64.Build.0 = Release|x64
		{A73C7C6F-5D74-4918-AC3F-211D82B3DCEB}.Release|x86.ActiveCfg = Release|Win32
		{A73C7C6F-5D74-4918-AC3F-211D82B3DCEB}.Release|x86.Build.0 = Release|Win32
	EndGlobalSection
	GlobalSection(SolutionProperties) = preSolution
		HideSolutionNode = FALSE
	EndGlobalSection
	GlobalSection(ExtensibilityGlobals) = postSolution
		SolutionGuid = {91BD10D1-5210-43FE-9DAB-EC7114506A69}
	EndGlobalSection
EndGlobal
